version = 1
revision = 2
requires-python = ">=3.13"

[[package]]
name = "colorama"
version = "0.4.6"
source = { registry = "https://pypi.org/simple" }
sdist = { url = "https://files.pythonhosted.org/packages/d8/53/6f443c9a4a8358a93a6792e2acffb9d9d5cb0a5cfd8802644b7b1c9a02e4/colorama-0.4.6.tar.gz", hash = "sha256:08695f5cb7ed6e0531a20572697297273c47b8cae5a63ffc6d6ed5c201be6e44", size = 27697, upload-time = "2022-10-25T02:36:22.414Z" }
wheels = [
    { url = "https://files.pythonhosted.org/packages/d1/d6/3965ed04c63042e047cb6a3e6ed1a63a35087b6a609aa3a15ed8ac56c221/colorama-0.4.6-py2.py3-none-any.whl", hash = "sha256:4f1d9991f5acc0ca119f9d443620b77f9d6b33703e51011c16baf57afb285fc6", size = 25335, upload-time = "2022-10-25T02:36:20.889Z" },
]

[[package]]
name = "iniconfig"
version = "2.3.0"
source = { registry = "https://pypi.org/simple" }
sdist = { url = "https://files.pythonhosted.org/packages/72/34/14ca021ce8e5dfedc35312d08ba8bf51fdd999c576889fc2c24cb97f4f10/iniconfig-2.3.0.tar.gz", hash = "sha256:c76315c77db068650d49c5b56314774a7804df16fee4402c1f19d6d15d8c4730", size = 20503, upload-time = "2025-10-18T21:55:43.219Z" }
wheels = [
    { url = "https://files.pythonhosted.org/packages/cb/b1/3846dd7f199d53cb17f49cba7e651e9ce294d8497c8c150530ed11865bb8/iniconfig-2.3.0-py3-none-any.whl", hash = "sha256:f631c04d2c48c52b84d0d0549c99ff3859c98df65b3101406327ecc7d53fbf12", size = 7484, upload-time = "2025-10-18T21:55:41.639Z" },
]

[[package]]
name = "nodeenv"
version = "1.10.0"
source = { registry = "https://pypi.org/simple" }
sdist = { url = "https://files.pythonhosted.org/packages/24/bf/d1bda4f6168e0b2e9e5958945e01910052158313224ada5ce1fb2e1113b8/nodeenv-1.10.0.tar.gz", hash = "sha256:996c191ad80897d076bdfba80a41994c2b47c68e224c542b48feba42ba00f8bb", size = 55611, upload-time = "2025-12-20T14:08:54.006Z" }
wheels = [
    { url = "https://files.pythonhosted.org/packages/88/b2/d0896bdcdc8d28a7fc5717c305f1a861c26e18c05047949fb371034d98bd/nodeenv-1.10.0-py2.py3-none-any.whl", hash = "sha256:5bb13e3eed2923615535339b3c620e76779af4cb4c6a90deccc9e36b274d3827", size = 23438, upload-time = "2025-12-20T14:08:52.782Z" },
]

[[package]]
name = "packaging"
version = "26.3"
source = { registry = "https://pypi.org/simple" }
sdist = { url = "https://files.pythonhosted.org/packages/7d/fa/3944b40b07da9ce895c0e6303a5ab7d53da063554f534556b134a54d6093/packaging-26.3.tar.gz", hash = "sha256:94edc256424af38762eb31306eed28beb9f0efc50a8837492c9d6fd6004aed79", size = 313412, upload-time = "2026-08-04T18:15:28.737Z" }
wheels = [
    { url = "https://files.pythonhosted.org/packages/63/34/ba1c580383c9eada3711951fef0795c80b829a078d72188184bcab9dd527/packaging-26.3-py3-none-any.whl", hash = "sha256:d7193f7c8e4e93f444fde0262bf90af30e16fa0ad0ad44cb553c87339b23cd1c", size = 129956, upload-time = "2026-08-04T18:15:27.159Z" },
]

[[package]]
name = "pluggy"
version = "1.6.0"
source = { registry = "https://pypi.org/simple" }
sdist = { url = "https://files.pythonhosted.org/packages/f9/e2/3e91f31a7d2b083fe6ef3fa267035b518369d9511ffab804f839851d2779/pluggy-1.6.0.tar.gz", hash = "sha256:7dcc130b76258d33b90f61b658791dede3486c3e6bfb003ee5c9bfb396dd22f3", size = 69412, upload-time = "2025-05-15T12:30:07.975Z" }
wheels = [
    { url = "https://files.pythonhosted.org/packages/54/20/4d324d65cc6d9205fabedc306948156824eb9f0ee1633355a8f7ec5c66bf/pluggy-1.6.0-py3-none-any.whl", hash = "sha256:e920276dd6813095e9377c0bc5566d94c932c33b27a3e3945d8389c374dd4746", size = 20538, upload-time = "2025-05-15T12:30:06.134Z" },
]

[[package]]
name = "pygments"
version = "2.21.0"
source = { registry = "https://pypi.org/simple" }
sdist = { url = "https://files.pythonhosted.org/packages/49/2e/ced460408999b33da6b31b0021b0f37d329e202d4169aeb164493778f25b/pygments-2.21.0.tar.gz", hash = "sha256:610ca751c9bc2492b38eb9a38a7fbc93edbbb2d7182edaf34e66ae493dee5c8c", size = 5005329, upload-time = "2026-08-17T08:02:48.824Z" }
wheels = [
    { url = "https://files.pythonhosted.org/packages/71/46/17f022dd3e953bf20a04a028a21ec746d942f8d2af30fa0f124fa0e6a684/pygments-2.21.0-py3-none-any.whl", hash = "sha256:2363c69b61c4a97c838da3b130dcd6468f4848992b21a82f2a63ec34377137d9", size = 1250147, upload-time = "2026-08-17T08:02:44.912Z" },
]

[[package]]
name = "pyright"
version = "1.1.411"
source = { registry = "https://pypi.org/simple" }
dependencies = [
    { name = "nodeenv" },
    { name = "typing-extensions" },
]
sdist = { url = "https://files.pythonhosted.org/packages/7e/ab/265f7dc69d28113ebba19092e57b075f41543b2ed048429c5f56e2b88eac/pyright-1.1.411.tar.gz", hash = "sha256:d885a0551f2e763b089a02702174e7f4ba77548cddabc972ab86d1f7f1b0f998", size = 4112861, upload-time = "2026-06-25T02:14:06.37Z" }
wheels = [
    { url = "https://files.pythonhosted.org/packages/0a/49/385be530a6a5b78d1cbcd5c2e38debc8959a2fc6bdb716f4e581002979fc/pyright-1.1.411-py3-none-any.whl", hash = "sha256:dc7c72a8e2700c55baa127554040e067041ea53ccfd50bf96308cc4291c7d5d9", size = 6181526, upload-time = "2026-06-25T02:14:04.691Z" },
]

[[package]]
name = "pytest"
version = "9.1.1"
source = { registry = "https://pypi.org/simple" }
dependencies = [
    { name = "colorama", marker = "sys_platform == 'win32'" },
    { name = "iniconfig" },
    { name = "packaging" },
    { name = "pluggy" },
    { name = "pygments" },
]
sdist = { url = "https://files.pythonhosted.org/packages/e4/47/b9efed96c114afcfa3c9d3fe98a76a1d14c74a9e266d397cf6eb64be5e01/pytest-9.1.1.tar.gz", hash = "sha256:1088fbde8f2b49d95a549a195707afa7a76a3ce9bcadc26b6d71f0ffda5fe313", size = 1636369, upload-time = "2026-06-19T10:58:32.857Z" }
wheels = [
    { url = "https://files.pythonhosted.org/packages/24/25/1de2678b631f5a49215c6c96fff41ba892b0a34df68d6d80292b1b48aa7f/pytest-9.1.1-py3-none-any.whl", hash = "sha256:37a86b45efb9a47a61a36449063e8e18d0cab3161329fc099eb21783169c4f0c", size = 386536, upload-time = "2026-06-19T10:58:31.347Z" },
]

[[package]]
name = "reliable-agents"
version = "0.1.0"
source = { editable = "." }
dependencies = [
    { name = "uuid-utils" },
]

[package.dev-dependencies]
dev = [
    { name = "pyright" },
    { name = "pytest" },
    { name = "ruff" },
]

[package.metadata]
requires-dist = [{ name = "uuid-utils", specifier = ">=0.17.0" }]

[package.metadata.requires-dev]
dev = [
    { name = "pyright", specifier = ">=1.1.411" },
    { name = "pytest", specifier = ">=9.1.1" },
    { name = "ruff", specifier = ">=0.16.5" },
]

[[package]]
name = "ruff"
version = "0.16.5"
source = { registry = "https://pypi.org/simple" }
sdist = { url = "https://files.pythonhosted.org/packages/f3/85/c8e12473c93018f92d19dd988a294202e1c27426c47ec4de53ffb847b8d8/ruff-0.16.5.tar.gz", hash = "sha256:1b88500f9ffbcab3dedb0082c9f9492e91ec3d618aac1236a3e0189938f7040b", size = 4912003, upload-time = "2026-08-27T16:34:18.258Z" }
wheels = [
    { url = "https://files.pythonhosted.org/packages/c6/b6/77c90a970fe2dae17a723acbd011043ea97c98d7deacccefdc4ba74ec512/ruff-0.16.5-py3-none-linux_armv6l.whl", hash = "sha256:12e5f673e774c35fbb62f288809c7653b73445f8ecec6b6063fd6ea3521aa14b", size = 10011941, upload-time = "2026-08-27T16:33:41.287Z" },
    { url = "https://files.pythonhosted.org/packages/4b/46/6cf67cf6411885a1d6f7f6d801682f155536a85176d10b605e2ceffed8bd/ruff-0.16.5-py3-none-macosx_10_12_x86_64.whl", hash = "sha256:eda58a5802de40e7ed5b32b64e0b32539338cc6fcd2c78f61e3ad6a0d79f51c3", size = 10204049, upload-time = "2026-08-27T16:33:44.056Z" },
    { url = "https://files.pythonhosted.org/packages/46/fd/c8720ca7a090abf0c2fef4abe8a5ef6e5127ed15196d8886ff75a2b370e2/ruff-0.16.5-py3-none-macosx_11_0_arm64.whl", hash = "sha256:c5ae9a7b9a8875131f40f8fe967cc86abf899779efd663cb7ce3d572d01da7eb", size = 9809037, upload-time = "2026-08-27T16:33:46.257Z" },
    { url = "https://files.pythonhosted.org/packages/43/45/a684caacdedaca180f52bacccc40bf0789d2c5a7c75f25324853e9eaedb5/ruff-0.16.5-py3-none-manylinux_2_17_aarch64.manylinux2014_aarch64.whl", hash = "sha256:7b719b0a1f4d59710d283ab2965f621684a108a9e41da622e3b23f0326cd0025", size = 9964129, upload-time = "2026-08-27T16:33:48.352Z" },
    { url = "https://files.pythonhosted.org/packages/9e/f2/5d2bcdaca6b5b93d1b4dfc166cd2aebf7680143a1b38a28759df13a94d31/ruff-0.16.5-py3-none-manylinux_2_17_armv7l.manylinux2014_armv7l.whl", hash = "sha256:2298f2780ed1be0c5cb1361e32ab7b1467f3cce7dabe101d2210a314f2fe42e9", size = 9821518, upload-time = "2026-08-27T16:33:50.57Z" },
    { url = "https://files.pythonhosted.org/packages/aa/ff/011cce29accf9257d5974145b733fc653a37985ed6825413a3987cefbfe0/ruff-0.16.5-py3-none-manylinux_2_17_i686.manylinux2014_i686.whl", hash = "sha256:258f29035a2dd021e7861e631b227a5b3f14e50c1184c9a6a122c5f4576154d7", size = 10534835, upload-time = "2026-08-27T16:33:52.522Z" },
    { url = "https://files.pythonhosted.org/packages/d7/5a/f0cf109bada9bba0e96c90c21c9f9251803f57225c32d293327a03c710d6/ruff-0.16.5-py3-none-manylinux_2_17_ppc64le.manylinux2014_ppc64le.whl", hash = "sha256:b9a4f0432966834019c74d1b7e5c51224305d7713f3d7faf3e7451f1a3be3cde", size = 11252550, upload-time = "2026-08-27T16:33:54.521Z" },
    { url = "https://files.pythonhosted.org/packages/63/4d/1d481aaea2046c6a7ed7c291f9004c669cce3c087b6b376ed5b08271e3fe/ruff-0.16.5-py3-none-manylinux_2_17_s390x.manylinux2014_s390x.whl", hash = "sha256:b5eb3a8c3d0ade9cea42b591fd530368e8798380e30e0a308b85a5cf718f09ea", size = 10777949, upload-time = "2026-08-27T16:33:56.88Z" },
    { url = "https://files.pythonhosted.org/packages/ee/34/ee245ca55f64443233034b3d02b03236b19242004281247c079390b7facd/ruff-0.16.5-py3-none-manylinux_2_17_x86_64.manylinux2014_x86_64.whl", hash = "sha256:ef0f69e191a13a3c9816f63163c88790cb12cd157bbbb384e9c44745702ab105", size = 10311656, upload-time = "2026-08-27T16:33:59.12Z" },
    { url = "https://files.pythonhosted.org/packages/a7/4d/c33a333e341c0a2b96c715b52d89a606f5a34cd4ac493cd9b8d0187186b8/ruff-0.16.5-py3-none-manylinux_2_31_riscv64.whl", hash = "sha256:0eeab41fbea2c42f98dfb9822cdccda9d24ba38d49f6dc945b5c236d48f0ef29", size = 10532125, upload-time = "2026-08-27T16:34:01.166Z" },
    { url = "https://files.pythonhosted.org/packages/30/e1/a64cef78b40192497bb98a27a8aa8f2c98ee9ee15bc97f7712d94ef32937/ruff-0.16.5-py3-none-musllinux_1_2_aarch64.whl", hash = "sha256:f0768e9df4300713fff30733c87575f68b6f1d8de41184e505b7fdd9c0c95eaf", size = 10097648, upload-time = "2026-08-27T16:34:03.16Z" },
    { url = "https://files.pythonhosted.org/packages/cc/4e/4cdc9ed3c3e109d2f71e62572a37457298d7bc7501ec3138babb7ed32bbd/ruff-0.16.5-py3-none-musllinux_1_2_armv7l.whl", hash = "sha256:95cc70cdc7aa80c338de356279d2adbeb2de0f520b9ecd8aba75b94e95e02f91", size = 9829344, upload-time = "2026-08-27T16:34:05.134Z" },
    { url = "https://files.pythonhosted.org/packages/39/4a/31ed35ce31729955fc583ee0d176d6e784c1290cb0b0a75cb2134c1ab72a/ruff-0.16.5-py3-none-musllinux_1_2_i686.whl", hash = "sha256:d185c8398ded1bfd91c0c2cb258346307571eccc473a8490af8c3977399c384a", size = 10277117, upload-time = "2026-08-27T16:34:07.425Z" },
    { url = "https://files.pythonhosted.org/packages/a8/a0/60356d86687b4b666d593df213f4dc3041750d024cb7bf2cfa81cfd65c2e/ruff-0.16.5-py3-none-musllinux_1_2_x86_64.whl", hash = "sha256:fb8e3a3c4c6a784150a7ced53b015f4b253fc2bf97a610886419ead64b4756ef", size = 10711653, upload-time = "2026-08-27T16:34:09.712Z" },
    { url = "https://files.pythonhosted.org/packages/ed/20/656d67f5b25ca9bda4e02b1de25867b2954e1d19e03648060f167ad0f4cc/ruff-0.16.5-py3-none-win32.whl", hash = "sha256:288b0a5f080492fe5635db849f9e2e84aa3cce7b7f0e955997d416c507c76a26", size = 10034250, upload-time = "2026-08-27T16:34:11.8Z" },
    { url = "https://files.pythonhosted.org/packages/5b/42/ee8e68a207b9127fcde6c3d7e197def432f346cb1af159e1fa14ca0d1cdc/ruff-0.16.5-py3-none-win_amd64.whl", hash = "sha256:ddc6385fb2137f616357ca03d6c74f4be987f80fed4008566b754f6032b8546f", size = 10516714, upload-time = "2026-08-27T16:34:13.963Z" },
    { url = "https://files.pythonhosted.org/packages/73/e3/7df5a396e445b9ba49ce9a9437439a4d80042c61c0ade199abf8d16de1ac/ruff-0.16.5-py3-none-win_arm64.whl", hash = "sha256:a64abe90968719b851bb7cedffaa8753fbdbdadab483089682db623f3edc587e", size = 10391564, upload-time = "2026-08-27T16:34:16.064Z" },
]

[[package]]
name = "typing-extensions"
version = "4.16.0"
source = { registry = "https://pypi.org/simple" }
sdist = { url = "https://files.pythonhosted.org/packages/f6/cc/6253133b5bb138fc3306cebfbda2c520f545d36b5be2c7255cc528bb45d6/typing_extensions-4.16.0.tar.gz", hash = "sha256:dc983d19a509c94dba722ee6abd33940f7c05a89e243c47e907eb4db6f1a43e5", size = 113555, upload-time = "2026-07-02T08:40:05.92Z" }
wheels = [
    { url = "https://files.pythonhosted.org/packages/49/d3/b8441a820a491ddfc024b0b0cf0393375b75ea13866d9c66727e54c2fc80/typing_extensions-4.16.0-py3-none-any.whl", hash = "sha256:481caa481374e813c1b176ada14e97f1f67a4539ce9cfeb3f350d78d6370c2e8", size = 45571, upload-time = "2026-07-02T08:40:04.659Z" },
]

[[package]]
name = "uuid-utils"
version = "0.17.0"
source = { registry = "https://pypi.org/simple" }
sdist = { url = "https://files.pythonhosted.org/packages/e7/91/63938e0e7e7876658e5e40178e7c0735b53527886fe11797a11699c55edd/uuid_utils-0.17.0.tar.gz", hash = "sha256:abb5667a36119019b3fa320c4d10c21ebccfcc87c8a739e6a0056cee7f48dde2", size = 43220, upload-time = "2026-07-09T13:49:58.433Z" }
wheels = [
    { url = "https://files.pythonhosted.org/packages/d2/dd/614fb9912157ac0128e6050859ccf06d9f13df9a944a803e8f80f6157e38/uuid_utils-0.17.0-cp313-cp313-macosx_10_12_x86_64.macosx_11_0_arm64.macosx_10_12_universal2.whl", hash = "sha256:d11a7bc1e02da8984d32e6de9e0826c6edac00eac17de270f372bf32f9a0af63", size = 557259, upload-time = "2026-07-09T13:48:45.664Z" },
    { url = "https://files.pythonhosted.org/packages/3e/11/d072711704de3d21bec08b6c2f36a215200ca1d5e01a390ea1ac434080a0/uuid_utils-0.17.0-cp313-cp313-macosx_10_12_x86_64.whl", hash = "sha256:7a49f47ac26df3e431c56b825c1bae8e6d3d591fdbb7438c227cc9845a7e3d73", size = 286271, upload-time = "2026-07-09T13:48:47.018Z" },
    { url = "https://files.pythonhosted.org/packages/18/6d/8a63e5eb2d5a6ba69a6c2036e305075bd6f5a022e7ea25fc6ce0eb7c51d2/uuid_utils-0.17.0-cp313-cp313-manylinux_2_17_aarch64.manylinux2014_aarch64.whl", hash = "sha256:32df1944808877702ceea398c103881c09a679bb672a215e01c2a84231266bf9", size = 320025, upload-time = "2026-07-09T13:48:48.208Z" },
    { url = "https://files.pythonhosted.org/packages/f7/2d/bdc2caf9719d9090d7c46043242ae6136cba4f7a7ee384992ab905ad9aa1/uuid_utils-0.17.0-cp313-cp313-manylinux_2_17_armv7l.manylinux2014_armv7l.whl", hash = "sha256:98c88d3edd08e7245562e9815996dbc6f0bd4745e1c76462f24af5ae4e187dd1", size = 327931, upload-time = "2026-07-09T13:48:49.673Z" },
    { url = "https://files.pythonhosted.org/packages/b6/33/9219d09d51ead282b578b2a4e0a515c2cce3ec52076cada8bfb7e35727d5/uuid_utils-0.17.0-cp313-cp313-manylinux_2_17_ppc64le.manylinux2014_ppc64le.whl", hash = "sha256:5a4370089c8b2e42f1db51d76408c7fa8eaa2934bf854d17983d16179c07c098", size = 438537, upload-time = "2026-07-09T13:48:50.842Z" },
    { url = "https://files.pythonhosted.org/packages/d8/79/e8e0f8b3955f2081c116157119d87659937893242eb834aa170da04d660b/uuid_utils-0.17.0-cp313-cp313-manylinux_2_17_x86_64.manylinux2014_x86_64.whl", hash = "sha256:09a55b7a5ae764985cb46467496a1787678d0a1400356157a080ad95b1a36869", size = 320656, upload-time = "2026-07-09T13:48:52.164Z" },
    { url = "https://files.pythonhosted.org/packages/d5/5e/d1ceddc430ff04b6e21704b2030d4438074a2f478b265dab43da957791c1/uuid_utils-0.17.0-cp313-cp313-manylinux_2_5_i686.manylinux1_i686.whl", hash = "sha256:56aa6488b931246fae11924e4bd0e2b32677e63945eecb71c29e3c2ca0dc3131", size = 345310, upload-time = "2026-07-09T13:48:54.076Z" },
    { url = "https://files.pythonhosted.org/packages/d5/62/89438e12f389a843e626b7e37691319a057b3d6b80914609106891faadda/uuid_utils-0.17.0-cp313-cp313-musllinux_1_2_aarch64.whl", hash = "sha256:309a35f12d99dde19032bc2259cda6431c85eeac0879134dc777cc3087d7e1cb", size = 496771, upload-time = "2026-07-09T13:48:55.365Z" },
    { url = "https://files.pythonhosted.org/packages/87/d2/eedcd99f522d60e238ead03844f0d51743ba84d33044959e230b756bf212/uuid_utils-0.17.0-cp313-cp313-musllinux_1_2_armv7l.whl", hash = "sha256:21c79b61ff750abcf057163dd764ccb6196cde7a26cda1b31b45cd97769e03b3", size = 603631, upload-time = "2026-07-09T13:48:56.746Z" },
    { url = "https://files.pythonhosted.org/packages/0e/a8/bb1b38aaddd7243b6e562c6694f499bf094800918316192fd8cb2cdc2620/uuid_utils-0.17.0-cp313-cp313-musllinux_1_2_i686.whl", hash = "sha256:4134353bfe3026ddab8e886002dc52bc5a0ab04611aabb0eaae23c32e6e57f64", size = 562008, upload-time = "2026-07-09T13:48:58.241Z" },
    { url = "https://files.pythonhosted.org/packages/b4/77/5f7ed930dc105e293845c09e4d5bd84076318a12f45a46783e1af64906d7/uuid_utils-0.17.0-cp313-cp313-musllinux_1_2_x86_64.whl", hash = "sha256:7c89359affecebe2e39e6a116d069b363c936511a9572b308402489a26957d89", size = 525527, upload-time = "2026-07-09T13:48:59.784Z" },
    { url = "https://files.pythonhosted.org/packages/fd/25/1b55697adf6811a6f92cff6340e6b03e31fd6bc51066a5c10698c29b3679/uuid_utils-0.17.0-cp313-cp313-pyemscripten_2025_0_wasm32.whl", hash = "sha256:6a019a31bc4db89a0903a3e4f6b218571f3a6ff0ad4b3d3fe1c8f91a05ff6e3e", size = 97965, upload-time = "2026-07-09T13:49:01.217Z" },
    { url = "https://files.pythonhosted.org/packages/26/bf/cd729343de4684230be8a966bad7bfc2cf10ce3e643b1189a8b5370dbe35/uuid_utils-0.17.0-cp313-cp313-win32.whl", hash = "sha256:b3131a82d0c7611f0aa480a6d36929e001a3f54ba0fc029a8118a5863cce513c", size = 167316, upload-time = "2026-07-09T13:49:02.354Z" },
    { url = "https://files.pythonhosted.org/packages/76/f0/e602ae0a1b139a7826e5189b93d91902564def06d5006324fd2faf82c8fc/uuid_utils-0.17.0-cp313-cp313-win_amd64.whl", hash = "sha256:9e311f908d2f842fca4c7dcebc4f10306b8089b204ef04cf6704b4332c9ff6ff", size = 173630, upload-time = "2026-07-09T13:49:03.529Z" },
    { url = "https://files.pythonhosted.org/packages/1a/52/024ebece265b387154115dc4f1d9727174ef82623069f4bec8b7ed7e73f7/uuid_utils-0.17.0-cp313-cp313-win_arm64.whl", hash = "sha256:c351737e2e65497c7200ab4ffb8af97e9f48be6488309abdd265fe08d66ee92f", size = 173214, upload-time = "2026-07-09T13:49:04.836Z" },
    { url = "https://files.pythonhosted.org/packages/56/44/e2fd3fdf356e1b55d2acf1b956b4f3f29ffb215a99c387eba04b1c5fba66/uuid_utils-0.17.0-cp314-cp314-macosx_10_12_x86_64.macosx_11_0_arm64.macosx_10_12_universal2.whl", hash = "sha256:673d89cc434cc9b97a0b4cf61272f6fca70a81f64eb0afbface2a0d9f77f06cd", size = 562232, upload-time = "2026-07-09T13:49:06.201Z" },
    { url = "https://files.pythonhosted.org/packages/19/28/65e0980d668a6d44e699f59d1acf43d6b5d4893592c115ce7c680bb4dfa1/uuid_utils-0.17.0-cp314-cp314-macosx_10_12_x86_64.whl", hash = "sha256:387cf7437c94ddec08651a0f1081381299c7075bc48a6251d8922bf39973378a", size = 287858, upload-time = "2026-07-09T13:49:07.45Z" },
    { url = "https://files.pythonhosted.org/packages/8f/8d/5e97bcebc90fb6a10f98af3dc1ba552e04183aba59e2edc0b9cf486dd998/uuid_utils-0.17.0-cp314-cp314-manylinux_2_17_aarch64.manylinux2014_aarch64.whl", hash = "sha256:220b52746d99e11964badac3c0869016e0c24bafb70a7dd5c2c072a6be3da9cc", size = 321587, upload-time = "2026-07-09T13:49:09.489Z" },
    { url = "https://files.pythonhosted.org/packages/8b/d7/88b2a2370cc3d455ba0515fb6f5c8f7ac0c0f55a86801b6e56a432f22c17/uuid_utils-0.17.0-cp314-cp314-manylinux_2_17_armv7l.manylinux2014_armv7l.whl", hash = "sha256:0ab4a66e7a035ad6625cfc1fbdb34f5c2d25a80ae1ef4bfee458ea2036333c6d", size = 328964, upload-time = "2026-07-09T13:49:11.292Z" },
    { url = "https://files.pythonhosted.org/packages/bd/0f/181c5da673953dfc0958cb4fb3a4984a9098673ddb05cac68e994bc8511b/uuid_utils-0.17.0-cp314-cp314-manylinux_2_17_ppc64le.manylinux2014_ppc64le.whl", hash = "sha256:5641071337eb11d61a001ea08793bf72216f3241f0a433ed2764804b2a3e3cc7", size = 442909, upload-time = "2026-07-09T13:49:12.644Z" },
    { url = "https://files.pythonhosted.org/packages/ec/38/5c5e665af542884a8fd3c61725c38453239e13940326b5b70f3ef8881a97/uuid_utils-0.17.0-cp314-cp314-manylinux_2_17_x86_64.manylinux2014_x86_64.whl", hash = "sha256:9082e709014946b1f6e96ae6ecd93652efca2d2a6a3ab67dbe151c8b4bf193a4", size = 323076, upload-time = "2026-07-09T13:49:13.897Z" },
    { url = "https://files.pythonhosted.org/packages/f5/35/7de97de18cbf226c2a4f2104ad15e56ca4491717c81c0b71795c0c585b4e/uuid_utils-0.17.0-cp314-cp314-manylinux_2_5_i686.manylinux1_i686.whl", hash = "sha256:1fd6f0e8a162dc0e9255b6aebe3cd175e76c33202f1bf39da9e6294b93db0099", size = 347360, upload-time = "2026-07-09T13:49:15.237Z" },
    { url = "https://files.pythonhosted.org/packages/26/a1/9915d5dd59fdd1957ded5d188c0ea0b9db5a1d84d42c8d8828a7b83b366e/uuid_utils-0.17.0-cp314-cp314-musllinux_1_2_aarch64.whl", hash = "sha256:d63010803d7c368963bbe6f7ec379593e76dd581d7db0f29118d88713c9e0354", size = 499267, upload-time = "2026-07-09T13:49:16.774Z" },
    { url = "https://files.pythonhosted.org/packages/c0/05/88108405262ec850cea0f95733445d6873e5772af3292baabd9ef8457740/uuid_utils-0.17.0-cp314-cp314-musllinux_1_2_armv7l.whl", hash = "sha256:a46bedc273b6f58f11dee816ff74999625ef8d007890f411b7a4975bf1c89330", size = 604940, upload-time = "2026-07-09T13:49:18.147Z" },
    { url = "https://files.pythonhosted.org/packages/89/d5/6dbcd300de47cc443cff2656cd5327a385751213dcb2101cfee7388170b2/uuid_utils-0.17.0-cp314-cp314-musllinux_1_2_i686.whl", hash = "sha256:405233a5f625b3d995648f4647fa6befa4567cf3f74e1f6b9837e16f7310f0e0", size = 564172, upload-time = "2026-07-09T13:49:19.593Z" },
    { url = "https://files.pythonhosted.org/packages/ab/94/e8057f2288a415fba8a978bca4b589f5cb6b91a028a5dc07a1775938b33f/uuid_utils-0.17.0-cp314-cp314-musllinux_1_2_x86_64.whl", hash = "sha256:b6c5d2d71e1f17329150ad9427d27f4a3f29a01792e7ecdc64a98ac5368fc4d5", size = 528533, upload-time = "2026-07-09T13:49:21.075Z" },
    { url = "https://files.pythonhosted.org/packages/f0/6b/31713148c77e48e62f51aa042a98a54a8be0396912ea5130f83f52ae722d/uuid_utils-0.17.0-cp314-cp314-pyemscripten_2026_0_wasm32.whl", hash = "sha256:f7e9b8728ba07a3cb2f29d5aa1a266c2664eb8ef0fd43afa34627c92f7fac8f0", size = 99197, upload-time = "2026-07-09T13:49:22.351Z" },
    { url = "https://files.pythonhosted.org/packages/f3/f3/ca6f6ac5428312df8ed632f6dd9f9e6aba23090471fcdeae53eab027e8b3/uuid_utils-0.17.0-cp314-cp314-win32.whl", hash = "sha256:58838921e377791ef22c64cc92141bfae030f43651ff9272f0f28a208a9e6a5a", size = 169540, upload-time = "2026-07-09T13:49:23.563Z" },
    { url = "https://files.pythonhosted.org/packages/c6/cd/7ede0db66411fa09817d79b680f7454ea9bee2d374e1922e4efd065760a3/uuid_utils-0.17.0-cp314-cp314-win_amd64.whl", hash = "sha256:42275ebd0e8e74e32cdbfb8bd88fc99576567d51d54a508020611fd8f4f463a0", size = 175984, upload-time = "2026-07-09T13:49:24.703Z" },
    { url = "https://files.pythonhosted.org/packages/f0/81/533b5f80cd4918c0693f4e1b7b90ceb1caa45f4266ae8b528135d7ecca5d/uuid_utils-0.17.0-cp314-cp314-win_arm64.whl", hash = "sha256:b5d11cccba076a32321ef1380dea956821f0b51794ef59df64e58fb1cd543aae", size = 174749, upload-time = "2026-07-09T13:49:25.886Z" },
    { url = "https://files.pythonhosted.org/packages/a0/13/f400ac39d06fd8be5b099c09e41bb975205926722a3e8d53348817cb7ff9/uuid_utils-0.17.0-cp314-cp314t-macosx_10_12_x86_64.macosx_11_0_arm64.macosx_10_12_universal2.whl", hash = "sha256:fae8b282f0cb22a5de222999f7723f4e5ec04f6fcdf4aaef879b5b36625ae2b0", size = 562610, upload-time = "2026-07-09T13:49:27.374Z" },
    { url = "https://files.pythonhosted.org/packages/03/8c/c71c8312304c56f6d0bcba87cd402fa79bec35d18ffc8c41954196ca68e5/uuid_utils-0.17.0-cp314-cp314t-macosx_10_12_x86_64.whl", hash = "sha256:967955620df45e6cffe2e9950cb9903cb455649396f896b26b04363a91a5054b", size = 289473, upload-time = "2026-07-09T13:49:28.989Z" },
    { url = "https://files.pythonhosted.org/packages/bb/cd/522117e2e5184ca1d4f0f85ee833e9e21bd8c6b99eff8a4d1a8e5a194e33/uuid_utils-0.17.0-cp314-cp314t-manylinux_2_17_aarch64.manylinux2014_aarch64.whl", hash = "sha256:375cde148430d60a4a07c03abaa0774c4fddfdd90de99b4ba02f24088bc9d750", size = 321600, upload-time = "2026-07-09T13:49:30.4Z" },
    { url = "https://files.pythonhosted.org/packages/6d/f4/0d81f9bd346fc717bc561c08fa6457e0328966eb76e536b938fe77d56459/uuid_utils-0.17.0-cp314-cp314t-manylinux_2_17_armv7l.manylinux2014_armv7l.whl", hash = "sha256:975c17da26c5b9d46c336b03c52a057ac28378d6f9d98b58d32a038589bb3912", size = 329569, upload-time = "2026-07-09T13:49:31.732Z" },
    { url = "https://files.pythonhosted.org/packages/5e/41/26e1363f36a94c9e8ec2dd21d5f63088d3e7c723adbb12dcc8fdc77be417/uuid_utils-0.17.0-cp314-cp314t-manylinux_2_17_ppc64le.manylinux2014_ppc64le.whl", hash = "sha256:3150d836290c88f1d26eb59c4db280d87417dd3bfaadd2889c77416c8f0ff6fa", size = 442051, upload-time = "2026-07-09T13:49:33.024Z" },
    { url = "https://files.pythonhosted.org/packages/2b/a7/2c1ed1b34d7df7fdcc11c28fd26d94d44843b37d9af2435ff9fd8abdbc08/uuid_utils-0.17.0-cp314-cp314t-manylinux_2_17_x86_64.manylinux2014_x86_64.whl", hash = "sha256:9472a8de37faf8bd216c628e0e68c8f6bef730d3ba0a5060f3b0fa460c992ac2", size = 324372, upload-time = "2026-07-09T13:49:34.554Z" },
    { url = "https://files.pythonhosted.org/packages/78/bf/328d3c6bb22c496944a1b3b732207d71aa6964eb604e5e3b9dcb91ed0a00/uuid_utils-0.17.0-cp314-cp314t-manylinux_2_5_i686.manylinux1_i686.whl", hash = "sha256:d27c531edb8d1f38ca2eddaa1fa24913a460aeb721f2efd4ef42a124ce94e354", size = 348548, upload-time = "2026-07-09T13:49:35.898Z" },
    { url = "https://files.pythonhosted.org/packages/3e/76/a07de5cb7b90582fdbbc830fd19be129cbbb9897cfe239fef469d7bd2d09/uuid_utils-0.17.0-cp314-cp314t-musllinux_1_2_aarch64.whl", hash = "sha256:5670c52a438e21483ce715776144914a4e2a2a5c62d9dee15f8a3e90cf128ae6", size = 498985, upload-time = "2026-07-09T13:49:37.142Z" },
    { url = "https://files.pythonhosted.org/packages/f4/62/9966e46ae34fcec6b06119631fb3c09705ea78835035ce3a82d3348eb61a/uuid_utils-0.17.0-cp314-cp314t-musllinux_1_2_armv7l.whl", hash = "sha256:6f29689a76fe7a49cbd629a794d0ec1eab48814e323a00a146a741b0195bde68", size = 605183, upload-time = "2026-07-09T13:49:38.648Z" },
    { url = "https://files.pythonhosted.org/packages/d7/4e/bb962ba0fe31e903b199f22cf4c1a6cba35a8987aef526d287277ab8ca8b/uuid_utils-0.17.0-cp314-cp314t-musllinux_1_2_i686.whl", hash = "sha256:4441600447d340ae103a353f01dbcd22ff680e5ee1a22988efe8d7b791d8fdb3", size = 565412, upload-time = "2026-07-09T13:49:40.115Z" },
    { url = "https://files.pythonhosted.org/packages/ce/9e/122adfeeeae8a84ccfd43bce627b104d12a2180a93bffd2c0e1b54dad7a6/uuid_utils-0.17.0-cp314-cp314t-musllinux_1_2_x86_64.whl", hash = "sha256:e7b04935a79c03c41ad08d0a5f390aac968bfb561f1268897bc5b0f077971efd", size = 529885, upload-time = "2026-07-09T13:49:41.513Z" },
    { url = "https://files.pythonhosted.org/packages/b3/4f/257304dded339dc35fc9bf35722ac68fd4fdb930f255b8f7bccdf74ebba9/uuid_utils-0.17.0-cp314-cp314t-win32.whl", hash = "sha256:239d8a281fe10bae33205b5d43185834d556b18434e0a113b5dc1dfb2fd97e91", size = 169472, upload-time = "2026-07-09T13:49:42.871Z" },
    { url = "https://files.pythonhosted.org/packages/35/c8/e78c06db7e9ce317ce7b8759ff2058333eac75caa8c22b75f0059589c9be/uuid_utils-0.17.0-cp314-cp314t-win_amd64.whl", hash = "sha256:e288a06cbbbcd01b44386e767985c9e21d2ad9bf59829aa7058d9a2a494804ab", size = 176271, upload-time = "2026-07-09T13:49:44.105Z" },
    { url = "https://files.pythonhosted.org/packages/a7/11/bd1c70e1ad3301163cebe66c8d26de26e6814d52f642a849448bd2833626/uuid_utils-0.17.0-cp314-cp314t-win_arm64.whl", hash = "sha256:1776a80d16369999b21627028cc5dbce819be83e1e079fdd7a51b587d2916db9", size = 175004, upload-time = "2026-07-09T13:49:45.591Z" },
]
